// !$*UTF8*$!
{
	archiveVersion = 1;
	classes = {
	};
	objectVersion = 50;
	objects = {

/* Begin PBXBuildFile section */
		2A4F5BF327268925005E7A08 /* SharedContent.swift in Sources */ = {isa = PBXBuildFile; fileRef = 2A4F5BF227268925005E7A08 /* SharedContent.swift */; };
		2A4F5BFC27268A0C005E7A08 /* SharedContent.swift in Sources */ = {isa = PBXBuildFile; fileRef = 2A4F5BF227268925005E7A08 /* SharedContent.swift */; };
		2A54CB632724018600624674 /* AppDelegate.swift in Sources */ = {isa = PBXBuildFile; fileRef = 2A54CB622724018600624674 /* AppDelegate.swift */; };
		2A54CB652724018600624674 /* SceneDelegate.swift in Sources */ = {isa = PBXBuildFile; fileRef = 2A54CB642724018600624674 /* SceneDelegate.swift */; };
		2A54CB672724018600624674 /* ViewController.swift in Sources */ = {isa = PBXBuildFile; fileRef = 2A54CB662724018600624674 /* ViewController.swift */; };
		2A54CB6A2724018600624674 /* Main.storyboard in Resources */ = {isa = PBXBuildFile; fileRef = 2A54CB682724018600624674 /* Main.storyboard */; };
		2A54CB6C2724018800624674 /* Assets.xcassets in Resources */ = {isa = PBXBuildFile; fileRef = 2A54CB6B2724018800624674 /* Assets.xcassets */; };
		2A54CB6F2724018800624674 /* LaunchScreen.storyboard in Resources */ = {isa = PBXBuildFile; fileRef = 2A54CB6D2724018800624674 /* LaunchScreen.storyboard */; };
		2A54CB7A2724018900624674 /* WidgetDemoTests.swift in Sources */ = {isa = PBXBuildFile; fileRef = 2A54CB792724018900624674 /* WidgetDemoTests.swift */; };
		2A54CB852724018900624674 /* WidgetDemoUITests.swift in Sources */ = {isa = PBXBuildFile; fileRef = 2A54CB842724018900624674 /* WidgetDemoUITests.swift */; };
		2A54CBA82724163B00624674 /* WidgetKit.framework in Frameworks */ = {isa = PBXBuildFile; fileRef = 2A54CBA72724163B00624674 /* WidgetKit.framework */; };
		2A54CBAA2724163B00624674 /* SwiftUI.framework in Frameworks */ = {isa = PBXBuildFile; fileRef = 2A54CBA92724163B00624674 /* SwiftUI.framework */; };
		2A54CBAD2724163B00624674 /* AppWidget.swift in Sources */ = {isa = PBXBuildFile; fileRef = 2A54CBAC2724163B00624674 /* AppWidget.swift */; };
		2A54CBB02724163E00624674 /* Assets.xcassets in Resources */ = {isa = PBXBuildFile; fileRef = 2A54CBAF2724163E00624674 /* Assets.xcassets */; };
		2A54CBB22724163E00624674 /* AppWidget.intentdefinition in Sources */ = {isa = PBXBuildFile; fileRef = 2A54CBAE2724163B00624674 /* AppWidget.intentdefinition */; };
		2A54CBB32724163E00624674 /* AppWidget.intentdefinition in Sources */ = {isa = PBXBuildFile; fileRef = 2A54CBAE2724163B00624674 /* AppWidget.intentdefinition */; };
		2A54CBB62724163E00624674 /* AppWidgetExtension.appex in Embed App Extensions */ = {isa = PBXBuildFile; fileRef = 2A54CBA52724163B00624674 /* AppWidgetExtension.appex */; settings = {ATTRIBUTES = (RemoveHeadersOnCopy, ); }; };
		2A5913902726BD0E0045C8CC /* WidgetProvider.swift in Sources */ = {isa = PBXBuildFile; fileRef = 2A59138F2726BD0E0045C8CC /* WidgetProvider.swift */; };
		2A5913962726BD7B0045C8CC /* WidgetModelEntry.swift in Sources */ = {isa = PBXBuildFile; fileRef = 2A5913952726BD7B0045C8CC /* WidgetModelEntry.swift */; };
/* End PBXBuildFile section */

/* Begin PBXContainerItemProxy section */
		2A54CB762724018900624674 /* PBXContainerItemProxy */ = {
			isa = PBXContainerItemProxy;
			containerPortal = 2A54CB572724018600624674 /* Project object */;
			proxyType = 1;
			remoteGlobalIDString = 2A54CB5E2724018600624674;
			remoteInfo = WidgetDemo;
		};
		2A54CB812724018900624674 /* PBXContainerItemProxy */ = {
			isa = PBXContainerItemProxy;
			containerPortal = 2A54CB572724018600624674 /* Project object */;
			proxyType = 1;
			remoteGlobalIDString = 2A54CB5E2724018600624674;
			remoteInfo = WidgetDemo;
		};
		2A54CBB42724163E00624674 /* PBXContainerItemProxy */ = {
			isa = PBXContainerItemProxy;
			containerPortal = 2A54CB572724018600624674 /* Project object */;
			proxyType = 1;
			remoteGlobalIDString = 2A54CBA42724163B00624674;
			remoteInfo = AppWidgetExtension;
		};
/* End PBXContainerItemProxy section */

/* Begin PBXCopyFilesBuildPhase section */
		2A54CBBA2724163E00624674 /* Embed App Extensions */ = {
			isa = PBXCopyFilesBuildPhase;
			buildActionMask = 2147483647;
			dstPath = "";
			dstSubfolderSpec = 13;
			files = (
				2A54CBB62724163E00624674 /* AppWidgetExtension.appex in Embed App Extensions */,
			);
			name = "Embed App Extensions";
			runOnlyForDeploymentPostprocessing = 0;
		};
/* End PBXCopyFilesBuildPhase section */

/* Begin PBXFileReference section */
		2A4F5BF227268925005E7A08 /* SharedContent.swift */ = {isa = PBXFileReference; lastKnownFileType = sourcecode.swift; path = SharedContent.swift; sourceTree = "<group>"; };
		2A54CB5F2724018600624674 /* WidgetDemo.app */ = {isa = PBXFileReference; explicitFileType = wrapper.application; includeInIndex = 0; path = WidgetDemo.app; sourceTree = BUILT_PRODUCTS_DIR; };
		2A54CB622724018600624674 /* AppDelegate.swift */ = {isa = PBXFileReference; lastKnownFileType = sourcecode.swift; path = AppDelegate.swift; sourceTree = "<group>"; };
		2A54CB642724018600624674 /* SceneDelegate.swift */ = {isa = PBXFileReference; lastKnownFileType = sourcecode.swift; path = SceneDelegate.swift; sourceTree = "<group>"; };
		2A54CB662724018600624674 /* ViewController.swift */ = {isa = PBXFileReference; lastKnownFileType = sourcecode.swift; path = ViewController.swift; sourceTree = "<group>"; };
		2A54CB692724018600624674 /* Base */ = {isa = PBXFileReference; lastKnownFileType = file.storyboard; name = Base; path = Base.lproj/Main.storyboard; sourceTree = "<group>"; };
		2A54CB6B2724018800624674 /* Assets.xcassets */ = {isa = PBXFileReference; lastKnownFileType = folder.assetcatalog; path = Assets.xcassets; sourceTree = "<group>"; };
		2A54CB6E2724018800624674 /* Base */ = {isa = PBXFileReference; lastKnownFileType = file.storyboard; name = Base; path = Base.lproj/LaunchScreen.storyboard; sourceTree = "<group>"; };
		2A54CB702724018800624674 /* Info.plist */ = {isa = PBXFileReference; lastKnownFileType = text.plist.xml; path = Info.plist; sourceTree = "<group>"; };
		2A54CB752724018900624674 /* WidgetDemoTests.xctest */ = {isa = PBXFileReference; explicitFileType = wrapper.cfbundle; includeInIndex = 0; path = WidgetDemoTests.xctest; sourceTree = BUILT_PRODUCTS_DIR; };
		2A54CB792724018900624674 /* WidgetDemoTests.swift */ = {isa = PBXFileReference; lastKnownFileType = sourcecode.swift; path = WidgetDemoTests.swift; sourceTree = "<group>"; };
		2A54CB7B2724018900624674 /* Info.plist */ = {isa = PBXFileReference; lastKnownFileType = text.plist.xml; path = Info.plist; sourceTree = "<group>"; };
		2A54CB802724018900624674 /* WidgetDemoUITests.xctest */ = {isa = PBXFileReference; explicitFileType = wrapper.cfbundle; includeInIndex = 0; path = WidgetDemoUITests.xctest; sourceTree = BUILT_PRODUCTS_DIR; };
		2A54CB842724018900624674 /* WidgetDemoUITests.swift */ = {isa = PBXFileReference; lastKnownFileType = sourcecode.swift; path = WidgetDemoUITests.swift; sourceTree = "<group>"; };
		2A54CB862724018900624674 /* Info.plist */ = {isa = PBXFileReference; lastKnownFileType = text.plist.xml; path = Info.plist; sourceTree = "<group>"; };
		2A54CBA52724163B00624674 /* AppWidgetExtension.appex */ = {isa = PBXFileReference; explicitFileType = "wrapper.app-extension"; includeInIndex = 0; path = AppWidgetExtension.appex; sourceTree = BUILT_PRODUCTS_DIR; };
		2A54CBA72724163B00624674 /* WidgetKit.framework */ = {isa = PBXFileReference; lastKnownFileType = wrapper.framework; name = WidgetKit.framework; path = System/Library/Frameworks/WidgetKit.framework; sourceTree = SDKROOT; };
		2A54CBA92724163B00624674 /* SwiftUI.framework */ = {isa = PBXFileReference; lastKnownFileType = wrapper.framework; name = SwiftUI.framework; path = System/Library/Frameworks/SwiftUI.framework; sourceTree = SDKROOT; };
		2A54CBAC2724163B00624674 /* AppWidget.swift */ = {isa = PBXFileReference; lastKnownFileType = sourcecode.swift; path = AppWidget.swift; sourceTree = "<group>"; };
		2A54CBAE2724163B00624674 /* AppWidget.intentdefinition */ = {isa = PBXFileReference; lastKnownFileType = file.intentdefinition; path = AppWidget.intentdefinition; sourceTree = "<group>"; };
		2A54CBAF2724163E00624674 /* Assets.xcassets */ = {isa = PBXFileReference; lastKnownFileType = folder.assetcatalog; path = Assets.xcassets; sourceTree = "<group>"; };
		2A54CBB12724163E00624674 /* Info.plist */ = {isa = PBXFileReference; lastKnownFileType = text.plist.xml; path = Info.plist; sourceTree = "<group>"; };
		2A59138F2726BD0E0045C8CC /* WidgetProvider.swift */ = {isa = PBXFileReference; lastKnownFileType = sourcecode.swift; path = WidgetProvider.swift; sourceTree = "<group>"; };
		2A5913952726BD7B0045C8CC /* WidgetModelEntry.swift */ = {isa = PBXFileReference; lastKnownFileType = sourcecode.swift; path = WidgetModelEntry.swift; sourceTree = "<group>"; };
/* End PBXFileReference section */

/* Begin PBXFrameworksBuildPhase section */
		2A54CB5C2724018600624674 /* Frameworks */ = {
			isa = PBXFrameworksBuildPhase;
			buildActionMask = 2147483647;
			files = (
			);
			runOnlyForDeploymentPostprocessing = 0;
		};
		2A54CB722724018900624674 /* Frameworks */ = {
			isa = PBXFrameworksBuildPhase;
			buildActionMask = 2147483647;
			files = (
			);
			runOnlyForDeploymentPostprocessing = 0;
		};
		2A54CB7D2724018900624674 /* Frameworks */ = {
			isa = PBXFrameworksBuildPhase;
			buildActionMask = 2147483647;
			files = (
			);
			runOnlyForDeploymentPostprocessing = 0;
		};
		2A54CBA22724163B00624674 /* Frameworks */ = {
			isa = PBXFrameworksBuildPhase;
			buildActionMask = 2147483647;
			files = (
				2A54CBAA2724163B00624674 /* SwiftUI.framework in Frameworks */,
				2A54CBA82724163B00624674 /* WidgetKit.framework in Frameworks */,
			);
			runOnlyForDeploymentPostprocessing = 0;
		};
/* End PBXFrameworksBuildPhase section */

/* Begin PBXGroup section */
		2A54CB562724018600624674 = {
			isa = PBXGroup;
			children = (
				2A54CB612724018600624674 /* WidgetDemo */,
				2A54CB782724018900624674 /* WidgetDemoTests */,
				2A54CB832724018900624674 /* WidgetDemoUITests */,
				2A54CBAB2724163B00624674 /* AppWidget */,
				2A54CBA62724163B00624674 /* Frameworks */,
				2A54CB602724018600624674 /* Products */,
			);
			sourceTree = "<group>";
		};
		2A54CB602724018600624674 /* Products */ = {
			isa = PBXGroup;
			children = (
				2A54CB5F2724018600624674 /* WidgetDemo.app */,
				2A54CB752724018900624674 /* WidgetDemoTests.xctest */,
				2A54CB802724018900624674 /* WidgetDemoUITests.xctest */,
				2A54CBA52724163B00624674 /* AppWidgetExtension.appex */,
			);
			name = Products;
			sourceTree = "<group>";
		};
		2A54CB612724018600624674 /* WidgetDemo */ = {
			isa = PBXGroup;
			children = (
				2A54CB622724018600624674 /* AppDelegate.swift */,
				2A54CB642724018600624674 /* SceneDelegate.swift */,
				2A54CB662724018600624674 /* ViewController.swift */,
				2A54CB682724018600624674 /* Main.storyboard */,
				2A54CB6B2724018800624674 /* Assets.xcassets */,
				2A54CB6D2724018800624674 /* LaunchScreen.storyboard */,
				2A54CB702724018800624674 /* Info.plist */,
			);
			path = WidgetDemo;
			sourceTree = "<group>";
		};
		2A54CB782724018900624674 /* WidgetDemoTests */ = {
			isa = PBXGroup;
			children = (
				2A54CB792724018900624674 /* WidgetDemoTests.swift */,
				2A54CB7B2724018900624674 /* Info.plist */,
			);
			path = WidgetDemoTests;
			sourceTree = "<group>";
		};
		2A54CB832724018900624674 /* WidgetDemoUITests */ = {
			isa = PBXGroup;
			children = (
				2A54CB842724018900624674 /* WidgetDemoUITests.swift */,
				2A54CB862724018900624674 /* Info.plist */,
			);
			path = WidgetDemoUITests;
			sourceTree = "<group>";
		};
		2A54CBA62724163B00624674 /* Frameworks */ = {
			isa = PBXGroup;
			children = (
				2A54CBA72724163B00624674 /* WidgetKit.framework */,
				2A54CBA92724163B00624674 /* SwiftUI.framework */,
			);
			name = Frameworks;
			sourceTree = "<group>";
		};
		2A54CBAB2724163B00624674 /* AppWidget */ = {
			isa = PBXGroup;
			children = (
				2A4F5BF227268925005E7A08 /* SharedContent.swift */,
				2A54CBAC2724163B00624674 /* AppWidget.swift */,
				2A59138F2726BD0E0045C8CC /* WidgetProvider.swift */,
				2A5913952726BD7B0045C8CC /* WidgetModelEntry.swift */,
				2A54CBAE2724163B00624674 /* AppWidget.intentdefinition */,
				2A54CBAF2724163E00624674 /* Assets.xcassets */,
				2A54CBB12724163E00624674 /* Info.plist */,
			);
			path = AppWidget;
			sourceTree = "<group>";
		};
/* End PBXGroup section */

/* Begin PBXNativeTarget section */
		2A54CB5E2724018600624674 /* WidgetDemo */ = {
			isa = PBXNativeTarget;
			buildConfigurationList = 2A54CB892724018900624674 /* Build configuration list for PBXNativeTarget "WidgetDemo" */;
			buildPhases = (
				2A54CB5B2724018600624674 /* Sources */,
				2A54CB5C2724018600624674 /* Frameworks */,
				2A54CB5D2724018600624674 /* Resources */,
				2A54CBBA2724163E00624674 /* Embed App Extensions */,
			);
			buildRules = (
			);
			dependencies = (
				2A54CBB52724163E00624674 /* PBXTargetDependency */,
			);
			name = WidgetDemo;
			productName = WidgetDemo;
			productReference = 2A54CB5F2724018600624674 /* WidgetDemo.app */;
			productType = "com.apple.product-type.application";
		};
		2A54CB742724018900624674 /* WidgetDemoTests */ = {
			isa = PBXNativeTarget;
			buildConfigurationList = 2A54CB8C2724018900624674 /* Build configuration list for PBXNativeTarget "WidgetDemoTests" */;
			buildPhases = (
				2A54CB712724018900624674 /* Sources */,
				2A54CB722724018900624674 /* Frameworks */,
				2A54CB732724018900624674 /* Resources */,
			);
			buildRules = (
			);
			dependencies = (
				2A54CB772724018900624674 /* PBXTargetDependency */,
			);
			name = WidgetDemoTests;
			productName = WidgetDemoTests;
			productReference = 2A54CB752724018900624674 /* WidgetDemoTests.xctest */;
			productType = "com.apple.product-type.bundle.unit-test";
		};
		2A54CB7F2724018900624674 /* WidgetDemoUITests */ = {
			isa = PBXNativeTarget;
			buildConfigurationList = 2A54CB8F2724018900624674 /* Build configuration list for PBXNativeTarget "WidgetDemoUITests" */;
			buildPhases = (
				2A54CB7C2724018900624674 /* Sources */,
				2A54CB7D2724018900624674 /* Frameworks */,
				2A54CB7E2724018900624674 /* Resources */,
			);
			buildRules = (
			);
			dependencies = (
				2A54CB822724018900624674 /* PBXTargetDependency */,
			);
			name = WidgetDemoUITests;
			productName = WidgetDemoUITests;
			productReference = 2A54CB802724018900624674 /* WidgetDemoUITests.xctest */;
			productType = "com.apple.product-type.bundle.ui-testing";
		};
		2A54CBA42724163B00624674 /* AppWidgetExtension */ = {
			isa = PBXNativeTarget;
			buildConfigurationList = 2A54CBB72724163E00624674 /* Build configuration list for PBXNativeTarget "AppWidgetExtension" */;
			buildPhases = (
				2A54CBA12724163B00624674 /* Sources */,
				2A54CBA22724163B00624674 /* Frameworks */,
				2A54CBA32724163B00624674 /* Resources */,
			);
			buildRules = (
			);
			dependencies = (
			);
			name = AppWidgetExtension;
			productName = AppWidgetExtension;
			productReference = 2A54CBA52724163B00624674 /* AppWidgetExtension.appex */;
			productType = "com.apple.product-type.app-extension";
		};
/* End PBXNativeTarget section */

/* Begin PBXProject section */
		2A54CB572724018600624674 /* Project object */ = {
			isa = PBXProject;
			attributes = {
				LastSwiftUpdateCheck = 1240;
				LastUpgradeCheck = 1240;
				TargetAttributes = {
					2A54CB5E2724018600624674 = {
						CreatedOnToolsVersion = 12.4;
					};
					2A54CB742724018900624674 = {
						CreatedOnToolsVersion = 12.4;
						TestTargetID = 2A54CB5E2724018600624674;
					};
					2A54CB7F2724018900624674 = {
						CreatedOnToolsVersion = 12.4;
						TestTargetID = 2A54CB5E2724018600624674;
					};
					2A54CBA42724163B00624674 = {
						CreatedOnToolsVersion = 12.4;
					};
				};
			};
			buildConfigurationList = 2A54CB5A2724018600624674 /* Build configuration list for PBXProject "WidgetDemo" */;
			compatibilityVersion = "Xcode 9.3";
			developmentRegion = en;
			hasScannedForEncodings = 0;
			knownRegions = (
				en,
				Base,
			);
			mainGroup = 2A54CB562724018600624674;
			productRefGroup = 2A54CB602724018600624674 /* Products */;
			projectDirPath = "";
			projectRoot = "";
			targets = (
				2A54CB5E2724018600624674 /* WidgetDemo */,
				2A54CB742724018900624674 /* WidgetDemoTests */,
				2A54CB7F2724018900624674 /* WidgetDemoUITests */,
				2A54CBA42724163B00624674 /* AppWidgetExtension */,
			);
		};
/* End PBXProject section */

/* Begin PBXResourcesBuildPhase section */
		2A54CB5D2724018600624674 /* Resources */ = {
			isa = PBXResourcesBuildPhase;
			buildActionMask = 2147483647;
			files = (
				2A54CB6F2724018800624674 /* LaunchScreen.storyboard in Resources */,
				2A54CB6C2724018800624674 /* Assets.xcassets in Resources */,
				2A54CB6A2724018600624674 /* Main.storyboard in Resources */,
			);
			runOnlyForDeploymentPostprocessing = 0;
		};
		2A54CB732724018900624674 /* Resources */ = {
			isa = PBXResourcesBuildPhase;
			buildActionMask = 2147483647;
			files = (
			);
			runOnlyForDeploymentPostprocessing = 0;
		};
		2A54CB7E2724018900624674 /* Resources */ = {
			isa = PBXResourcesBuildPhase;
			buildActionMask = 2147483647;
			files = (
			);
			runOnlyForDeploymentPostprocessing = 0;
		};
		2A54CBA32724163B00624674 /* Resources */ = {
			isa = PBXResourcesBuildPhase;
			buildActionMask = 2147483647;
			files = (
				2A54CBB02724163E00624674 /* Assets.xcassets in Resources */,
			);
			runOnlyForDeploymentPostprocessing = 0;
		};
/* End PBXResourcesBuildPhase section */

/* Begin PBXSourcesBuildPhase section */
		2A54CB5B2724018600624674 /* Sources */ = {
			isa = PBXSourcesBuildPhase;
			buildActionMask = 2147483647;
			files = (
				2A54CBB32724163E00624674 /* AppWidget.intentdefinition in Sources */,
				2A54CB672724018600624674 /* ViewController.swift in Sources */,
				2A4F5BF327268925005E7A08 /* SharedContent.swift in Sources */,
				2A54CB632724018600624674 /* AppDelegate.swift in Sources */,
				2A54CB652724018600624674 /* SceneDelegate.swift in Sources */,
			);
			runOnlyForDeploymentPostprocessing = 0;
		};
		2A54CB712724018900624674 /* Sources */ = {
			isa = PBXSourcesBuildPhase;
			buildActionMask = 2147483647;
			files = (
				2A54CB7A2724018900624674 /* WidgetDemoTests.swift in Sources */,
			);
			runOnlyForDeploymentPostprocessing = 0;
		};
		2A54CB7C2724018900624674 /* Sources */ = {
			isa = PBXSourcesBuildPhase;
			buildActionMask = 2147483647;
			files = (
				2A54CB852724018900624674 /* WidgetDemoUITests.swift in Sources */,
			);
			runOnlyForDeploymentPostprocessing = 0;
		};
		2A54CBA12724163B00624674 /* Sources */ = {
			isa = PBXSourcesBuildPhase;
			buildActionMask = 2147483647;
			files = (
				2A54CBB22724163E00624674 /* AppWidget.intentdefinition in Sources */,
				2A5913962726BD7B0045C8CC /* WidgetModelEntry.swift in Sources */,
				2A4F5BFC27268A0C005E7A08 /* SharedContent.swift in Sources */,
				2A5913902726BD0E0045C8CC /* WidgetProvider.swift in Sources */,
				2A54CBAD2724163B00624674 /* AppWidget.swift in Sources */,
			);
			runOnlyForDeploymentPostprocessing = 0;
		};
/* End PBXSourcesBuildPhase section */

/* Begin PBXTargetDependency section */
		2A54CB772724018900624674 /* PBXTargetDependency */ = {
			isa = PBXTargetDependency;
			target = 2A54CB5E2724018600624674 /* WidgetDemo */;
			targetProxy = 2A54CB762724018900624674 /* PBXContainerItemProxy */;
		};
		2A54CB822724018900624674 /* PBXTargetDependency */ = {
			isa = PBXTargetDependency;
			target = 2A54CB5E2724018600624674 /* WidgetDemo */;
			targetProxy = 2A54CB812724018900624674 /* PBXContainerItemProxy */;
		};
		2A54CBB52724163E00624674 /* PBXTargetDependency */ = {
			isa = PBXTargetDependency;
			target = 2A54CBA42724163B00624674 /* AppWidgetExtension */;
			targetProxy = 2A54CBB42724163E00624674 /* PBXContainerItemProxy */;
		};
/* End PBXTargetDependency section */

/* Begin PBXVariantGroup section */
		2A54CB682724018600624674 /* Main.storyboard */ = {
			isa = PBXVariantGroup;
			children = (
				2A54CB692724018600624674 /* Base */,
			);
			name = Main.storyboard;
			sourceTree = "<group>";
		};
		2A54CB6D2724018800624674 /* LaunchScreen.storyboard */ = {
			isa = PBXVariantGroup;
			children = (
				2A54CB6E2724018800624674 /* Base */,
			);
			name = LaunchScreen.storyboard;
			sourceTree = "<group>";
		};
/* End PBXVariantGroup section */

/* Begin XCBuildConfiguration section */
		2A54CB872724018900624674 /* Debug */ = {
			isa = XCBuildConfiguration;
			buildSettings = {
				ALWAYS_SEARCH_USER_PATHS = NO;
				CLANG_ANALYZER_NONNULL = YES;
				CLANG_ANALYZER_NUMBER_OBJECT_CONVERSION = YES_AGGRESSIVE;
				CLANG_CXX_LANGUAGE_STANDARD = "gnu++14";
				CLANG_CXX_LIBRARY = "libc++";
				CLANG_ENABLE_MODULES = YES;
				CLANG_ENABLE_OBJC_ARC = YES;
				CLANG_ENABLE_OBJC_WEAK = YES;
				CLANG_WARN_BLOCK_CAPTURE_AUTORELEASING = YES;
				CLANG_WARN_BOOL_CONVERSION = YES;
				CLANG_WARN_COMMA = YES;
				CLANG_WARN_CONSTANT_CONVERSION = YES;
				CLANG_WARN_DEPRECATED_OBJC_IMPLEMENTATIONS = YES;
				CLANG_WARN_DIRECT_OBJC_ISA_USAGE = YES_ERROR;
				CLANG_WARN_DOCUMENTATION_COMMENTS = YES;
				CLANG_WARN_EMPTY_BODY = YES;
				CLANG_WARN_ENUM_CONVERSION = YES;
				CLANG_WARN_INFINITE_RECURSION = YES;
				CLANG_WARN_INT_CONVERSION = YES;
				CLANG_WARN_NON_LITERAL_NULL_CONVERSION = YES;
				CLANG_WARN_OBJC_IMPLICIT_RETAIN_SELF = YES;
				CLANG_WARN_OBJC_LITERAL_CONVERSION = YES;
				CLANG_WARN_OBJC_ROOT_CLASS = YES_ERROR;
				CLANG_WARN_QUOTED_INCLUDE_IN_FRAMEWORK_HEADER = YES;
				CLANG_WARN_RANGE_LOOP_ANALYSIS = YES;
				CLANG_WARN_STRICT_PROTOTYPES = YES;
				CLANG_WARN_SUSPICIOUS_MOVE = YES;
				CLANG_WARN_UNGUARDED_AVAILABILITY = YES_AGGRESSIVE;
				CLANG_WARN_UNREACHABLE_CODE = YES;
				CLANG_WARN__DUPLICATE_METHOD_MATCH = YES;
				COPY_PHASE_STRIP = NO;
				DEBUG_INFORMATION_FORMAT = dwarf;
				ENABLE_STRICT_OBJC_MSGSEND = YES;
				ENABLE_TESTABILITY = YES;
				GCC_C_LANGUAGE_STANDARD = gnu11;
				GCC_DYNAMIC_NO_PIC = NO;
				GCC_NO_COMMON_BLOCKS = YES;
				GCC_OPTIMIZATION_LEVEL = 0;
				GCC_PREPROCESSOR_DEFINITIONS = (
					"DEBUG=1",
					"$(inherited)",
				);
				GCC_WARN_64_TO_32_BIT_CONVERSION = YES;
				GCC_WARN_ABOUT_RETURN_TYPE = YES_ERROR;
				GCC_WARN_UNDECLARED_SELECTOR = YES;
				GCC_WARN_UNINITIALIZED_AUTOS = YES_AGGRESSIVE;
				GCC_WARN_UNUSED_FUNCTION = YES;
				GCC_WARN_UNUSED_VARIABLE = YES;
				IPHONEOS_DEPLOYMENT_TARGET = 14.1;
				MTL_ENABLE_DEBUG_INFO = INCLUDE_SOURCE;
				MTL_FAST_MATH = YES;
				ONLY_ACTIVE_ARCH = YES;
				SDKROOT = iphoneos;
				SWIFT_ACTIVE_COMPILATION_CONDITIONS = DEBUG;
				SWIFT_OPTIMIZATION_LEVEL = "-Onone";
			};
			name = Debug;
		};
		2A54CB882724018900624674 /* Release */ = {
			isa = XCBuildConfiguration;
			buildSettings = {
				ALWAYS_SEARCH_USER_PATHS = NO;
				CLANG_ANALYZER_NONNULL = YES;
				CLANG_ANALYZER_NUMBER_OBJECT_CONVERSION = YES_AGGRESSIVE;
				CLANG_CXX_LANGUAGE_STANDARD = "gnu++14";
				CLANG_CXX_LIBRARY = "libc++";
				CLANG_ENABLE_MODULES = YES;
				CLANG_ENABLE_OBJC_ARC = YES;
				CLANG_ENABLE_OBJC_WEAK = YES;
				CLANG_WARN_BLOCK_CAPTURE_AUTORELEASING = YES;
				CLANG_WARN_BOOL_CONVERSION = YES;
				CLANG_WARN_COMMA = YES;
				CLANG_WARN_CONSTANT_CONVERSION = YES;
				CLANG_WARN_DEPRECATED_OBJC_IMPLEMENTATIONS = YES;
				CLANG_WARN_DIRECT_OBJC_ISA_USAGE = YES_ERROR;
				CLANG_WARN_DOCUMENTATION_COMMENTS = YES;
				CLANG_WARN_EMPTY_BODY = YES;
				CLANG_WARN_ENUM_CONVERSION = YES;
				CLANG_WARN_INFINITE_RECURSION = YES;
				CLANG_WARN_INT_CONVERSION = YES;
				CLANG_WARN_NON_LITERAL_NULL_CONVERSION = YES;
				CLANG_WARN_OBJC_IMPLICIT_RETAIN_SELF = YES;
				CLANG_WARN_OBJC_LITERAL_CONVERSION = YES;
				CLANG_WARN_OBJC_ROOT_CLASS = YES_ERROR;
				CLANG_WARN_QUOTED_INCLUDE_IN_FRAMEWORK_HEADER = YES;
				CLANG_WARN_RANGE_LOOP_ANALYSIS = YES;
				CLANG_WARN_STRICT_PROTOTYPES = YES;
				CLANG_WARN_SUSPICIOUS_MOVE = YES;
				CLANG_WARN_UNGUARDED_AVAILABILITY = YES_AGGRESSIVE;
				CLANG_WARN_UNREACHABLE_CODE = YES;
				CLANG_WARN__DUPLICATE_METHOD_MATCH = YES;
				COPY_PHASE_STRIP = NO;
				DEBUG_INFORMATION_FORMAT = "dwarf-with-dsym";
				ENABLE_NS_ASSERTIONS = NO;
				ENABLE_STRICT_OBJC_MSGSEND = YES;
				GCC_C_LANGUAGE_STANDARD = gnu11;
				GCC_NO_COMMON_BLOCKS = YES;
				GCC_WARN_64_TO_32_BIT_CONVERSION = YES;
				GCC_WARN_ABOUT_RETURN_TYPE = YES_ERROR;
				GCC_WARN_UNDECLARED_SELECTOR = YES;
				GCC_WARN_UNINITIALIZED_AUTOS = YES_AGGRESSIVE;
				GCC_WARN_UNUSED_FUNCTION = YES;
				GCC_WARN_UNUSED_VARIABLE = YES;
				IPHONEOS_DEPLOYMENT_TARGET = 14.1;
				MTL_ENABLE_DEBUG_INFO = NO;
				MTL_FAST_MATH = YES;
				SDKROOT = iphoneos;
				SWIFT_COMPILATION_MODE = wholemodule;
				SWIFT_OPTIMIZATION_LEVEL = "-O";
				VALIDATE_PRODUCT = YES;
			};
			name = Release;
		};
		2A54CB8A2724018900624674 /* Debug */ = {
			isa = XCBuildConfiguration;
			buildSettings = {
				ALWAYS_EMBED_SWIFT_STANDARD_LIBRARIES = YES;
				ASSETCATALOG_COMPILER_APPICON_NAME = AppIcon;
				ASSETCATALOG_COMPILER_GLOBAL_ACCENT_COLOR_NAME = AccentColor;
				CODE_SIGN_STYLE = Automatic;
				DEVELOPMENT_TEAM = 3QCVS5M6Q4;
				INFOPLIST_FILE = WidgetDemo/Info.plist;
				IPHONEOS_DEPLOYMENT_TARGET = 14.1;
				LD_RUNPATH_SEARCH_PATHS = (
					"$(inherited)",
					"@executable_path/Frameworks",
				);
				PRODUCT_BUNDLE_IDENTIFIER = com.ARCDemo.WidgetDemo;
				PRODUCT_NAME = "$(TARGET_NAME)";
				SWIFT_VERSION = 5.0;
				TARGETED_DEVICE_FAMILY = "1,2";
			};
			name = Debug;
		};
		2A54CB8B2724018900624674 /* Release */ = {
			isa = XCBuildConfiguration;
			buildSettings = {
				ALWAYS_EMBED_SWIFT_STANDARD_LIBRARIES = YES;
				ASSETCATALOG_COMPILER_APPICON_NAME = AppIcon;
				ASSETCATALOG_COMPILER_GLOBAL_ACCENT_COLOR_NAME = AccentColor;
				CODE_SIGN_STYLE = Automatic;
				DEVELOPMENT_TEAM = 3QCVS5M6Q4;
				INFOPLIST_FILE = WidgetDemo/Info.plist;
				IPHONEOS_DEPLOYMENT_TARGET = 14.1;
				LD_RUNPATH_SEARCH_PATHS = (
					"$(inherited)",
					"@executable_path/Frameworks",
				);
				PRODUCT_BUNDLE_IDENTIFIER = com.ARCDemo.WidgetDemo;
				PRODUCT_NAME = "$(TARGET_NAME)";
				SWIFT_VERSION = 5.0;
				TARGETED_DEVICE_FAMILY = "1,2";
			};
			name = Release;
		};
		2A54CB8D2724018900624674 /* Debug */ = {
			isa = XCBuildConfiguration;
			buildSettings = {
				ALWAYS_EMBED_SWIFT_STANDARD_LIBRARIES = YES;
				BUNDLE_LOADER = "$(TEST_HOST)";
				CODE_SIGN_STYLE = Automatic;
				DEVELOPMENT_TEAM = 3QCVS5M6Q4;
				INFOPLIST_FILE = WidgetDemoTests/Info.plist;
				IPHONEOS_DEPLOYMENT_TARGET = 14.4;
				LD_RUNPATH_SEARCH_PATHS = (
					"$(inherited)",
					"@executable_path/Frameworks",
					"@loader_path/Frameworks",
				);
				PRODUCT_BUNDLE_IDENTIFIER = com.ARCDemo.WidgetDemoTests;
				PRODUCT_NAME = "$(TARGET_NAME)";
				SWIFT_VERSION = 5.0;
				TARGETED_DEVICE_FAMILY = "1,2";
				TEST_HOST = "$(BUILT_PRODUCTS_DIR)/WidgetDemo.app/WidgetDemo";
			};
			name = Debug;
		};
		2A54CB8E2724018900624674 /* Release */ = {
			isa = XCBuildConfiguration;
			buildSettings = {
				ALWAYS_EMBED_SWIFT_STANDARD_LIBRARIES = YES;
				BUNDLE_LOADER = "$(TEST_HOST)";
				CODE_SIGN_STYLE = Automatic;
				DEVELOPMENT_TEAM = 3QCVS5M6Q4;
				INFOPLIST_FILE = WidgetDemoTests/Info.plist;
				IPHONEOS_DEPLOYMENT_TARGET = 14.4;
				LD_RUNPATH_SEARCH_PATHS = (
					"$(inherited)",
					"@executable_path/Frameworks",
					"@loader_path/Frameworks",
				);
				PRODUCT_BUNDLE_IDENTIFIER = com.ARCDemo.WidgetDemoTests;
				PRODUCT_NAME = "$(TARGET_NAME)";
				SWIFT_VERSION = 5.0;
				TARGETED_DEVICE_FAMILY = "1,2";
				TEST_HOST = "$(BUILT_PRODUCTS_DIR)/WidgetDemo.app/WidgetDemo";
			};
			name = Release;
		};
		2A54CB902724018900624674 /* Debug */ = {
			isa = XCBuildConfiguration;
			buildSettings = {
				ALWAYS_EMBED_SWIFT_STANDARD_LIBRARIES = YES;
				CODE_SIGN_STYLE = Automatic;
				DEVELOPMENT_TEAM = 3QCVS5M6Q4;
				INFOPLIST_FILE = WidgetDemoUITests/Info.plist;
				LD_RUNPATH_SEARCH_PATHS = (
					"$(inherited)",
					"@executable_path/Frameworks",
					"@loader_path/Frameworks",
				);
				PRODUCT_BUNDLE_IDENTIFIER = com.ARCDemo.WidgetDemoUITests;
				PRODUCT_NAME = "$(TARGET_NAME)";
				SWIFT_VERSION = 5.0;
				TARGETED_DEVICE_FAMILY = "1,2";
				TEST_TARGET_NAME = WidgetDemo;
			};
			name = Debug;
		};
		2A54CB912724018900624674 /* Release */ = {
			isa = XCBuildConfiguration;
			buildSettings = {
				ALWAYS_EMBED_SWIFT_STANDARD_LIBRARIES = YES;
				CODE_SIGN_STYLE = Automatic;
				DEVELOPMENT_TEAM = 3QCVS5M6Q4;
				INFOPLIST_FILE = WidgetDemoUITests/Info.plist;
				LD_RUNPATH_SEARCH_PATHS = (
					"$(inherited)",
					"@executable_path/Frameworks",
					"@loader_path/Frameworks",
				);
				PRODUCT_BUNDLE_IDENTIFIER = com.ARCDemo.WidgetDemoUITests;
				PRODUCT_NAME = "$(TARGET_NAME)";
				SWIFT_VERSION = 5.0;
				TARGETED_DEVICE_FAMILY = "1,2";
				TEST_TARGET_NAME = WidgetDemo;
			};
			name = Release;
		};
		2A54CBB82724163E00624674 /* Debug */ = {
			isa = XCBuildConfiguration;
			buildSettings = {
				ASSETCATALOG_COMPILER_GLOBAL_ACCENT_COLOR_NAME = AccentColor;
				ASSETCATALOG_COMPILER_WIDGET_BACKGROUND_COLOR_NAME = WidgetBackground;
				CODE_SIGN_STYLE = Automatic;
				DEVELOPMENT_TEAM = 3QCVS5M6Q4;
				INFOPLIST_FILE = AppWidget/Info.plist;
				IPHONEOS_DEPLOYMENT_TARGET = 14.4;
				LD_RUNPATH_SEARCH_PATHS = (
					"$(inherited)",
					"@executable_path/Frameworks",
					"@executable_path/../../Frameworks",
				);
				PRODUCT_BUNDLE_IDENTIFIER = com.ARCDemo.WidgetDemo.AppWidget;
				PRODUCT_NAME = "$(TARGET_NAME)";
				SKIP_INSTALL = YES;
				SWIFT_VERSION = 5.0;
				TARGETED_DEVICE_FAMILY = "1,2";
			};
			name = Debug;
		};
		2A54CBB92724163E00624674 /* Release */ = {
			isa = XCBuildConfiguration;
			buildSettings = {
				ASSETCATALOG_COMPILER_GLOBAL_ACCENT_COLOR_NAME = AccentColor;
				ASSETCATALOG_COMPILER_WIDGET_BACKGROUND_COLOR_NAME = WidgetBackground;
				CODE_SIGN_STYLE = Automatic;
				DEVELOPMENT_TEAM = 3QCVS5M6Q4;
				INFOPLIST_FILE = AppWidget/Info.plist;
				IPHONEOS_DEPLOYMENT_TARGET = 14.4;
				LD_RUNPATH_SEARCH_PATHS = (
					"$(inherited)",
					"@executable_path/Frameworks",
					"@executable_path/../../Frameworks",
				);
				PRODUCT_BUNDLE_IDENTIFIER = com.ARCDemo.WidgetDemo.AppWidget;
				PRODUCT_NAME = "$(TARGET_NAME)";
				SKIP_INSTALL = YES;
				SWIFT_VERSION = 5.0;
				TARGETED_DEVICE_FAMILY = "1,2";
			};
			name = Release;
		};
/* End XCBuildConfiguration section */

/* Begin XCConfigurationList section */
		2A54CB5A2724018600624674 /* Build configuration list for PBXProject "WidgetDemo" */ = {
			isa = XCConfigurationList;
			buildConfigurations = (
				2A54CB872724018900624674 /* Debug */,
				2A54CB882724018900624674 /* Release */,
			);
			defaultConfigurationIsVisible = 0;
			defaultConfigurationName = Release;
		};
		2A54CB892724018900624674 /* Build configuration list for PBXNativeTarget "WidgetDemo" */ = {
			isa = XCConfigurationList;
			buildConfigurations = (
				2A54CB8A2724018900624674 /* Debug */,
				2A54CB8B2724018900624674 /* Release */,
			);
			defaultConfigurationIsVisible = 0;
			defaultConfigurationName = Release;
		};
		2A54CB8C2724018900624674 /* Build configuration list for PBXNativeTarget "WidgetDemoTests" */ = {
			isa = XCConfigurationList;
			buildConfigurations = (
				2A54CB8D2724018900624674 /* Debug */,
				2A54CB8E2724018900624674 /* Release */,
			);
			defaultConfigurationIsVisible = 0;
			defaultConfigurationName = Release;
		};
		2A54CB8F2724018900624674 /* Build configuration list for PBXNativeTarget "WidgetDemoUITests" */ = {
			isa = XCConfigurationList;
			buildConfigurations = (
				2A54CB902724018900624674 /* Debug */,
				2A54CB912724018900624674 /* Release */,
			);
			defaultConfigurationIsVisible = 0;
			defaultConfigurationName = Release;
		};
		2A54CBB72724163E00624674 /* Build configuration list for PBXNativeTarget "AppWidgetExtension" */ = {
			isa = XCConfigurationList;
			buildConfigurations = (
				2A54CBB82724163E00624674 /* Debug */,
				2A54CBB92724163E00624674 /* Release */,
			);
			defaultConfigurationIsVisible = 0;
			defaultConfigurationName = Release;
		};
/* End XCConfigurationList section */
	};
	rootObject = 2A54CB572724018600624674 /* Project object */;
}
